
Microsoft Visual Studio Solution File, Format Version 12.00
# Visual Studio 14
VisualStudioVersion = 14.0.25123.0
MinimumVisualStudioVersion = 10.0.40219.1
Project("{FAE04EC0-301F-11D3-BF4B-00C04F79EFBC}") = "WorkflowSample.Console", "WorkflowSample.Console\WorkflowSample.Console.csproj", "{F76244E1-8891-4557-B654-CC6ED4F3624C}"
EndProject
Project("{FAE04EC0-301F-11D3-BF4B-00C04F79EFBC}") = "WorkflowSample.Engine", "WorkflowSample.Engine\WorkflowSample.Engine.csproj", "{06AC9580-4C98-42B2-B2A9-6795FEFB89DC}"
EndProject
Project("{FAE04EC0-301F-11D3-BF4B-00C04F79EFBC}") = "WorkflowSample.Engine.Tests", "WorkflowSample.Engine.Tests\WorkflowSample.Engine.Tests.csproj", "{EEE05673-8079-49A5-A057-66CEFE72543C}"
EndProject
Global
	GlobalSection(SolutionConfigurationPlatforms) = preSolution
		Debug|Any CPU = Debug|Any CPU
		Release|Any CPU = Release|Any CPU
	EndGlobalSection
	GlobalSection(ProjectConfigurationPlatforms) = postSolution
		{F76244E1-8891-4557-B654-CC6ED4F3624C}.Debug|Any CPU.ActiveCfg = Debug|Any CPU
		{F76244E1-8891-4557-B654-CC6ED4F3624C}.Debug|Any CPU.Build.0 = Debug|Any CPU
		{F76244E1-8891-4557-B654-CC6ED4F3624C}.Release|Any CPU.ActiveCfg = Release|Any CPU
		{F76244E1-8891-4557-B654-CC6ED4F3624C}.Release|Any CPU.Build.0 = Release|Any CPU
		{06AC9580-4C98-42B2-B2A9-6795FEFB89DC}.Debug|Any CPU.ActiveCfg = Debug|Any CPU
		{06AC9580-4C98-42B2-B2A9-6795FEFB89DC}.Debug|Any CPU.Build.0 = Debug|Any CPU
		{06AC9580-4C98-42B2-B2A9-6795FEFB89DC}.Release|Any CPU.ActiveCfg = Release|Any CPU
		{06AC9580-4C98-42B2-B2A9-6795FEFB89DC}.Release|Any CPU.Build.0 = Release|Any CPU
		{EEE05673-8079-49A5-A057-66CEFE72543C}.Debug|Any CPU.ActiveCfg = Debug|Any CPU
		{EEE05673-8079-49A5-A057-66CEFE72543C}.Debug|Any CPU.Build.0 = Debug|Any CPU
		{EEE05673-8079-49A5-A057-66CEFE72543C}.Release|Any CPU.ActiveCfg = Release|Any CPU
		{EEE05673-8079-49A5-A057-66CEFE72543C}.Release|Any CPU.Build.0 = Release|Any CPU
	EndGlobalSection
	GlobalSection(SolutionProperties) = preSolution
		HideSolutionNode = FALSE
	EndGlobalSection
EndGlobal
